// !$*UTF8*$!
{
	archiveVersion = 1;
	classes = {
	};
	objectVersion = 56;
	objects = {

/* Begin PBXBuildFile section */
		F69A70DD2A532D60006EA120 /* AppDelegate.swift in Sources */ = {isa = PBXBuildFile; fileRef = F69A70DC2A532D60006EA120 /* AppDelegate.swift */; };
		F69A70DF2A532D60006EA120 /* SceneDelegate.swift in Sources */ = {isa = PBXBuildFile; fileRef = F69A70DE2A532D60006EA120 /* SceneDelegate.swift */; };
		F69A70E12A532D60006EA120 /* ViewController.swift in Sources */ = {isa = PBXBuildFile; fileRef = F69A70E02A532D60006EA120 /* ViewController.swift */; };
		F69A70E42A532D60006EA120 /* Main.storyboard in Resources */ = {isa = PBXBuildFile; fileRef = F69A70E22A532D60006EA120 /* Main.storyboard */; };
		F69A70E62A532D62006EA120 /* Assets.xcassets in Resources */ = {isa = PBXBuildFile; fileRef = F69A70E52A532D62006EA120 /* Assets.xcassets */; };
		F69A70E92A532D62006EA120 /* LaunchScreen.storyboard in Resources */ = {isa = PBXBuildFile; fileRef = F69A70E72A532D62006EA120 /* LaunchScreen.storyboard */; };
		F69A70F42A532D62006EA120 /* GuessAppTests.swift in Sources */ = {isa = PBXBuildFile; fileRef = F69A70F32A532D62006EA120 /* GuessAppTests.swift */; };
		F69A70FE2A532D62006EA120 /* GuessAppUITests.swift in Sources */ = {isa = PBXBuildFile; fileRef = F69A70FD2A532D62006EA120 /* GuessAppUITests.swift */; };
		F69A71002A532D62006EA120 /* GuessAppUITestsLaunchTests.swift in Sources */ = {isa = PBXBuildFile; fileRef = F69A70FF2A532D62006EA120 /* GuessAppUITestsLaunchTests.swift */; };
		F69A710D2A532DA2006EA120 /* ViewController2.swift in Sources */ = {isa = PBXBuildFile; fileRef = F69A710C2A532DA2006EA120 /* ViewController2.swift */; };
		F69A710F2A532DB2006EA120 /* ViewController3.swift in Sources */ = {isa = PBXBuildFile; fileRef = F69A710E2A532DB2006EA120 /* ViewController3.swift */; };
/* End PBXBuildFile section */

/* Begin PBXContainerItemProxy section */
		F69A70F02A532D62006EA120 /* PBXContainerItemProxy */ = {
			isa = PBXContainerItemProxy;
			containerPortal = F69A70D12A532D60006EA120 /* Project object */;
			proxyType = 1;
			remoteGlobalIDString = F69A70D82A532D60006EA120;
			remoteInfo = GuessApp;
		};
		F69A70FA2A532D62006EA120 /* PBXContainerItemProxy */ = {
			isa = PBXContainerItemProxy;
			containerPortal = F69A70D12A532D60006EA120 /* Project object */;
			proxyType = 1;
			remoteGlobalIDString = F69A70D82A532D60006EA120;
			remoteInfo = GuessApp;
		};
/* End PBXContainerItemProxy section */

/* Begin PBXFileReference section */
		F69A70D92A532D60006EA120 /* GuessApp.app */ = {isa = PBXFileReference; explicitFileType = wrapper.application; includeInIndex = 0; path = GuessApp.app; sourceTree = BUILT_PRODUCTS_DIR; };
		F69A70DC2A532D60006EA120 /* AppDelegate.swift */ = {isa = PBXFileReference; lastKnownFileType = sourcecode.swift; path = AppDelegate.swift; sourceTree = "<group>"; };
		F69A70DE2A532D60006EA120 /* SceneDelegate.swift */ = {isa = PBXFileReference; lastKnownFileType = sourcecode.swift; path = SceneDelegate.swift; sourceTree = "<group>"; };
		F69A70E02A532D60006EA120 /* ViewController.swift */ = {isa = PBXFileReference; lastKnownFileType = sourcecode.swift; path = ViewController.swift; sourceTree = "<group>"; };
		F69A70E32A532D60006EA120 /* Base */ = {isa = PBXFileReference; lastKnownFileType = file.storyboard; name = Base; path = Base.lproj/Main.storyboard; sourceTree = "<group>"; };
		F69A70E52A532D62006EA120 /* Assets.xcassets */ = {isa = PBXFileReference; lastKnownFileType = folder.assetcatalog; path = Assets.xcassets; sourceTree = "<group>"; };
		F69A70E82A532D62006EA120 /* Base */ = {isa = PBXFileReference; lastKnownFileType = file.storyboard; name = Base; path = Base.lproj/LaunchScreen.storyboard; sourceTree = "<group>"; };
		F69A70EA2A532D62006EA120 /* Info.plist */ = {isa = PBXFileReference; lastKnownFileType = text.plist.xml; path = Info.plist; sourceTree = "<group>"; };
		F69A70EF2A532D62006EA120 /* GuessAppTests.xctest */ = {isa = PBXFileReference; explicitFileType = wrapper.cfbundle; includeInIndex = 0; path = GuessAppTests.xctest; sourceTree = BUILT_PRODUCTS_DIR; };
		F69A70F32A532D62006EA120 /* GuessAppTests.swift */ = {isa = PBXFileReference; lastKnownFileType = sourcecode.swift; path = GuessAppTests.swift; sourceTree = "<group>"; };
		F69A70F92A532D62006EA120 /* GuessAppUITests.xctest */ = {isa = PBXFileReference; explicitFileType = wrapper.cfbundle; includeInIndex = 0; path = GuessAppUITests.xctest; sourceTree = BUILT_PRODUCTS_DIR; };
		F69A70FD2A532D62006EA120 /* GuessAppUITests.swift */ = {isa = PBXFileReference; lastKnownFileType = sourcecode.swift; path = GuessAppUITests.swift; sourceTree = "<group>"; };
		F69A70FF2A532D62006EA120 /* GuessAppUITestsLaunchTests.swift */ = {isa = PBXFileReference; lastKnownFileType = sourcecode.swift; path = GuessAppUITestsLaunchTests.swift; sourceTree = "<group>"; };
		F69A710C2A532DA2006EA120 /* ViewController2.swift */ = {isa = PBXFileReference; lastKnownFileType = sourcecode.swift; path = ViewController2.swift; sourceTree = "<group>"; };
		F69A710E2A532DB2006EA120 /* ViewController3.swift */ = {isa = PBXFileReference; lastKnownFileType = sourcecode.swift; path = ViewController3.swift; sourceTree = "<group>"; };
/* End PBXFileReference section */

/* Begin PBXFrameworksBuildPhase section */
		F69A70D62A532D60006EA120 /* Frameworks */ = {
			isa = PBXFrameworksBuildPhase;
			buildActionMask = 2147483647;
			files = (
			);
			runOnlyForDeploymentPostprocessing = 0;
		};
		F69A70EC2A532D62006EA120 /* Frameworks */ = {
			isa = PBXFrameworksBuildPhase;
			buildActionMask = 2147483647;
			files = (
			);
			runOnlyForDeploymentPostprocessing = 0;
		};
		F69A70F62A532D62006EA120 /* Frameworks */ = {
			isa = PBXFrameworksBuildPhase;
			buildActionMask = 2147483647;
			files = (
			);
			runOnlyForDeploymentPostprocessing = 0;
		};
/* End PBXFrameworksBuildPhase section */

/* Begin PBXGroup section */
		F69A70D02A532D60006EA120 = {
			isa = PBXGroup;
			children = (
				F69A70DB2A532D60006EA120 /* GuessApp */,
				F69A70F22A532D62006EA120 /* GuessAppTests */,
				F69A70FC2A532D62006EA120 /* GuessAppUITests */,
				F69A70DA2A532D60006EA120 /* Products */,
			);
			sourceTree = "<group>";
		};
		F69A70DA2A532D60006EA120 /* Products */ = {
			isa = PBXGroup;
			children = (
				F69A70D92A532D60006EA120 /* GuessApp.app */,
				F69A70EF2A532D62006EA120 /* GuessAppTests.xctest */,
				F69A70F92A532D62006EA120 /* GuessAppUITests.xctest */,
			);
			name = Products;
			sourceTree = "<group>";
		};
		F69A70DB2A532D60006EA120 /* GuessApp */ = {
			isa = PBXGroup;
			children = (
				F69A70DC2A532D60006EA120 /* AppDelegate.swift */,
				F69A70DE2A532D60006EA120 /* SceneDelegate.swift */,
				F69A70E02A532D60006EA120 /* ViewController.swift */,
				F69A70E22A532D60006EA120 /* Main.storyboard */,
				F69A710C2A532DA2006EA120 /* ViewController2.swift */,
				F69A710E2A532DB2006EA120 /* ViewController3.swift */,
				F69A70E52A532D62006EA120 /* Assets.xcassets */,
				F69A70E72A532D62006EA120 /* LaunchScreen.storyboard */,
				F69A70EA2A532D62006EA120 /* Info.plist */,
			);
			path = GuessApp;
			sourceTree = "<group>";
		};
		F69A70F22A532D62006EA120 /* GuessAppTests */ = {
			isa = PBXGroup;
			children = (
				F69A70F32A532D62006EA120 /* GuessAppTests.swift */,
			);
			path = GuessAppTests;
			sourceTree = "<group>";
		};
		F69A70FC2A532D62006EA120 /* GuessAppUITests */ = {
			isa = PBXGroup;
			children = (
				F69A70FD2A532D62006EA120 /* GuessAppUITests.swift */,
				F69A70FF2A532D62006EA120 /* GuessAppUITestsLaunchTests.swift */,
			);
			path = GuessAppUITests;
			sourceTree = "<group>";
		};
/* End PBXGroup section */

/* Begin PBXNativeTarget section */
		F69A70D82A532D60006EA120 /* GuessApp */ = {
			isa = PBXNativeTarget;
			buildConfigurationList = F69A71032A532D62006EA120 /* Build configuration list for PBXNativeTarget "GuessApp" */;
			buildPhases = (
				F69A70D52A532D60006EA120 /* Sources */,
				F69A70D62A532D60006EA120 /* Frameworks */,
				F69A70D72A532D60006EA120 /* Resources */,
			);
			buildRules = (
			);
			dependencies = (
			);
			name = GuessApp;
			productName = GuessApp;
			productReference = F69A70D92A532D60006EA120 /* GuessApp.app */;
			productType = "com.apple.product-type.application";
		};
		F69A70EE2A532D62006EA120 /* GuessAppTests */ = {
			isa = PBXNativeTarget;
			buildConfigurationList = F69A71062A532D62006EA120 /* Build configuration list for PBXNativeTarget "GuessAppTests" */;
			buildPhases = (
				F69A70EB2A532D62006EA120 /* Sources */,
				F69A70EC2A532D62006EA120 /* Frameworks */,
				F69A70ED2A532D62006EA120 /* Resources */,
			);
			buildRules = (
			);
			dependencies = (
				F69A70F12A532D62006EA120 /* PBXTargetDependency */,
			);
			name = GuessAppTests;
			productName = GuessAppTests;
			productReference = F69A70EF2A532D62006EA120 /* GuessAppTests.xctest */;
			productType = "com.apple.product-type.bundle.unit-test";
		};
		F69A70F82A532D62006EA120 /* GuessAppUITests */ = {
			isa = PBXNativeTarget;
			buildConfigurationList = F69A71092A532D62006EA120 /* Build configuration list for PBXNativeTarget "GuessAppUITests" */;
			buildPhases = (
				F69A70F52A532D62006EA120 /* Sources */,
				F69A70F62A532D62006EA120 /* Frameworks */,
				F69A70F72A532D62006EA120 /* Resources */,
			);
			buildRules = (
			);
			dependencies = (
				F69A70FB2A532D62006EA120 /* PBXTargetDependency */,
			);
			name = GuessAppUITests;
			productName = GuessAppUITests;
			productReference = F69A70F92A532D62006EA120 /* GuessAppUITests.xctest */;
			productType = "com.apple.product-type.bundle.ui-testing";
		};
/* End PBXNativeTarget section */

/* Begin PBXProject section */
		F69A70D12A532D60006EA120 /* Project object */ = {
			isa = PBXProject;
			attributes = {
				BuildIndependentTargetsInParallel = 1;
				LastSwiftUpdateCheck = 1430;
				LastUpgradeCheck = 1430;
				TargetAttributes = {
					F69A70D82A532D60006EA120 = {
						CreatedOnToolsVersion = 14.3.1;
					};
					F69A70EE2A532D62006EA120 = {
						CreatedOnToolsVersion = 14.3.1;
						TestTargetID = F69A70D82A532D60006EA120;
					};
					F69A70F82A532D62006EA120 = {
						CreatedOnToolsVersion = 14.3.1;
						TestTargetID = F69A70D82A532D60006EA120;
					};
				};
			};
			buildConfigurationList = F69A70D42A532D60006EA120 /* Build configuration list for PBXProject "GuessApp" */;
			compatibilityVersion = "Xcode 14.0";
			developmentRegion = en;
			hasScannedForEncodings = 0;
			knownRegions = (
				en,
				Base,
			);
			mainGroup = F69A70D02A532D60006EA120;
			productRefGroup = F69A70DA2A532D60006EA120 /* Products */;
			projectDirPath = "";
			projectRoot = "";
			targets = (
				F69A70D82A532D60006EA120 /* GuessApp */,
				F69A70EE2A532D62006EA120 /* GuessAppTests */,
				F69A70F82A532D62006EA120 /* GuessAppUITests */,
			);
		};
/* End PBXProject section */

/* Begin PBXResourcesBuildPhase section */
		F69A70D72A532D60006EA120 /* Resources */ = {
			isa = PBXResourcesBuildPhase;
			buildActionMask = 2147483647;
			files = (
				F69A70E92A532D62006EA120 /* LaunchScreen.storyboard in Resources */,
				F69A70E62A532D62006EA120 /* Assets.xcassets in Resources */,
				F69A70E42A532D60006EA120 /* Main.storyboard in Resources */,
			);
			runOnlyForDeploymentPostprocessing = 0;
		};
		F69A70ED2A532D62006EA120 /* Resources */ = {
			isa = PBXResourcesBuildPhase;
			buildActionMask = 2147483647;
			files = (
			);
			runOnlyForDeploymentPostprocessing = 0;
		};
		F69A70F72A532D62006EA120 /* Resources */ = {
			isa = PBXResourcesBuildPhase;
			buildActionMask = 2147483647;
			files = (
			);
			runOnlyForDeploymentPostprocessing = 0;
		};
/* End PBXResourcesBuildPhase section */

/* Begin PBXSourcesBuildPhase section */
		F69A70D52A532D60006EA120 /* Sources */ = {
			isa = PBXSourcesBuildPhase;
			buildActionMask = 2147483647;
			files = (
				F69A710F2A532DB2006EA120 /* ViewController3.swift in Sources */,
				F69A70E12A532D60006EA120 /* ViewController.swift in Sources */,
				F69A710D2A532DA2006EA120 /* ViewController2.swift in Sources */,
				F69A70DD2A532D60006EA120 /* AppDelegate.swift in Sources */,
				F69A70DF2A532D60006EA120 /* SceneDelegate.swift in Sources */,
			);
			runOnlyForDeploymentPostprocessing = 0;
		};
		F69A70EB2A532D62006EA120 /* Sources */ = {
			isa = PBXSourcesBuildPhase;
			buildActionMask = 2147483647;
			files = (
				F69A70F42A532D62006EA120 /* GuessAppTests.swift in Sources */,
			);
			runOnlyForDeploymentPostprocessing = 0;
		};
		F69A70F52A532D62006EA120 /* Sources */ = {
			isa = PBXSourcesBuildPhase;
			buildActionMask = 2147483647;
			files = (
				F69A71002A532D62006EA120 /* GuessAppUITestsLaunchTests.swift in Sources */,
				F69A70FE2A532D62006EA120 /* GuessAppUITests.swift in Sources */,
			);
			runOnlyForDeploymentPostprocessing = 0;
		};
/* End PBXSourcesBuildPhase section */

/* Begin PBXTargetDependency section */
		F69A70F12A532D62006EA120 /* PBXTargetDependency */ = {
			isa = PBXTargetDependency;
			target = F69A70D82A532D60006EA120 /* GuessApp */;
			targetProxy = F69A70F02A532D62006EA120 /* PBXContainerItemProxy */;
		};
		F69A70FB2A532D62006EA120 /* PBXTargetDependency */ = {
			isa = PBXTargetDependency;
			target = F69A70D82A532D60006EA120 /* GuessApp */;
			targetProxy = F69A70FA2A532D62006EA120 /* PBXContainerItemProxy */;
		};
/* End PBXTargetDependency section */

/* Begin PBXVariantGroup section */
		F69A70E22A532D60006EA120 /* Main.storyboard */ = {
			isa = PBXVariantGroup;
			children = (
				F69A70E32A532D60006EA120 /* Base */,
			);
			name = Main.storyboard;
			sourceTree = "<group>";
		};
		F69A70E72A532D62006EA120 /* LaunchScreen.storyboard */ = {
			isa = PBXVariantGroup;
			children = (
				F69A70E82A532D62006EA120 /* Base */,
			);
			name = LaunchScreen.storyboard;
			sourceTree = "<group>";
		};
/* End PBXVariantGroup section */

/* Begin XCBuildConfiguration section */
		F69A71012A532D62006EA120 /* Debug */ = {
			isa = XCBuildConfiguration;
			buildSettings = {
				ALWAYS_SEARCH_USER_PATHS = NO;
				CLANG_ANALYZER_NONNULL = YES;
				CLANG_ANALYZER_NUMBER_OBJECT_CONVERSION = YES_AGGRESSIVE;
				CLANG_CXX_LANGUAGE_STANDARD = "gnu++20";
				CLANG_ENABLE_MODULES = YES;
				CLANG_ENABLE_OBJC_ARC = YES;
				CLANG_ENABLE_OBJC_WEAK = YES;
				CLANG_WARN_BLOCK_CAPTURE_AUTORELEASING = YES;
				CLANG_WARN_BOOL_CONVERSION = YES;
				CLANG_WARN_COMMA = YES;
				CLANG_WARN_CONSTANT_CONVERSION = YES;
				CLANG_WARN_DEPRECATED_OBJC_IMPLEMENTATIONS = YES;
				CLANG_WARN_DIRECT_OBJC_ISA_USAGE = YES_ERROR;
				CLANG_WARN_DOCUMENTATION_COMMENTS = YES;
				CLANG_WARN_EMPTY_BODY = YES;
				CLANG_WARN_ENUM_CONVERSION = YES;
				CLANG_WARN_INFINITE_RECURSION = YES;
				CLANG_WARN_INT_CONVERSION = YES;
				CLANG_WARN_NON_LITERAL_NULL_CONVERSION = YES;
				CLANG_WARN_OBJC_IMPLICIT_RETAIN_SELF = YES;
				CLANG_WARN_OBJC_LITERAL_CONVERSION = YES;
				CLANG_WARN_OBJC_ROOT_CLASS = YES_ERROR;
				CLANG_WARN_QUOTED_INCLUDE_IN_FRAMEWORK_HEADER = YES;
				CLANG_WARN_RANGE_LOOP_ANALYSIS = YES;
				CLANG_WARN_STRICT_PROTOTYPES = YES;
				CLANG_WARN_SUSPICIOUS_MOVE = YES;
				CLANG_WARN_UNGUARDED_AVAILABILITY = YES_AGGRESSIVE;
				CLANG_WARN_UNREACHABLE_CODE = YES;
				CLANG_WARN__DUPLICATE_METHOD_MATCH = YES;
				COPY_PHASE_STRIP = NO;
				DEBUG_INFORMATION_FORMAT = dwarf;
				ENABLE_STRICT_OBJC_MSGSEND = YES;
				ENABLE_TESTABILITY = YES;
				GCC_C_LANGUAGE_STANDARD = gnu11;
				GCC_DYNAMIC_NO_PIC = NO;
				GCC_NO_COMMON_BLOCKS = YES;
				GCC_OPTIMIZATION_LEVEL = 0;
				GCC_PREPROCESSOR_DEFINITIONS = (
					"DEBUG=1",
					"$(inherited)",
				);
				GCC_WARN_64_TO_32_BIT_CONVERSION = YES;
				GCC_WARN_ABOUT_RETURN_TYPE = YES_ERROR;
				GCC_WARN_UNDECLARED_SELECTOR = YES;
				GCC_WARN_UNINITIALIZED_AUTOS = YES_AGGRESSIVE;
				GCC_WARN_UNUSED_FUNCTION = YES;
				GCC_WARN_UNUSED_VARIABLE = YES;
				IPHONEOS_DEPLOYMENT_TARGET = 16.4;
				MTL_ENABLE_DEBUG_INFO = INCLUDE_SOURCE;
				MTL_FAST_MATH = YES;
				ONLY_ACTIVE_ARCH = YES;
				SDKROOT = iphoneos;
				SWIFT_ACTIVE_COMPILATION_CONDITIONS = DEBUG;
				SWIFT_OPTIMIZATION_LEVEL = "-Onone";
			};
			name = Debug;
		};
		F69A71022A532D62006EA120 /* Release */ = {
			isa = XCBuildConfiguration;
			buildSettings = {
				ALWAYS_SEARCH_USER_PATHS = NO;
				CLANG_ANALYZER_NONNULL = YES;
				CLANG_ANALYZER_NUMBER_OBJECT_CONVERSION = YES_AGGRESSIVE;
				CLANG_CXX_LANGUAGE_STANDARD = "gnu++20";
				CLANG_ENABLE_MODULES = YES;
				CLANG_ENABLE_OBJC_ARC = YES;
				CLANG_ENABLE_OBJC_WEAK = YES;
				CLANG_WARN_BLOCK_CAPTURE_AUTORELEASING = YES;
				CLANG_WARN_BOOL_CONVERSION = YES;
				CLANG_WARN_COMMA = YES;
				CLANG_WARN_CONSTANT_CONVERSION = YES;
				CLANG_WARN_DEPRECATED_OBJC_IMPLEMENTATIONS = YES;
				CLANG_WARN_DIRECT_OBJC_ISA_USAGE = YES_ERROR;
				CLANG_WARN_DOCUMENTATION_COMMENTS = YES;
				CLANG_WARN_EMPTY_BODY = YES;
				CLANG_WARN_ENUM_CONVERSION = YES;
				CLANG_WARN_INFINITE_RECURSION = YES;
				CLANG_WARN_INT_CONVERSION = YES;
				CLANG_WARN_NON_LITERAL_NULL_CONVERSION = YES;
				CLANG_WARN_OBJC_IMPLICIT_RETAIN_SELF = YES;
				CLANG_WARN_OBJC_LITERAL_CONVERSION = YES;
				CLANG_WARN_OBJC_ROOT_CLASS = YES_ERROR;
				CLANG_WARN_QUOTED_INCLUDE_IN_FRAMEWORK_HEADER = YES;
				CLANG_WARN_RANGE_LOOP_ANALYSIS = YES;
				CLANG_WARN_STRICT_PROTOTYPES = YES;
				CLANG_WARN_SUSPICIOUS_MOVE = YES;
				CLANG_WARN_UNGUARDED_AVAILABILITY = YES_AGGRESSIVE;
				CLANG_WARN_UNREACHABLE_CODE = YES;
				CLANG_WARN__DUPLICATE_METHOD_MATCH = YES;
				COPY_PHASE_STRIP = NO;
				DEBUG_INFORMATION_FORMAT = "dwarf-with-dsym";
				ENABLE_NS_ASSERTIONS = NO;
				ENABLE_STRICT_OBJC_MSGSEND = YES;
				GCC_C_LANGUAGE_STANDARD = gnu11;
				GCC_NO_COMMON_BLOCKS = YES;
				GCC_WARN_64_TO_32_BIT_CONVERSION = YES;
				GCC_WARN_ABOUT_RETURN_TYPE = YES_ERROR;
				GCC_WARN_UNDECLARED_SELECTOR = YES;
				GCC_WARN_UNINITIALIZED_AUTOS = YES_AGGRESSIVE;
				GCC_WARN_UNUSED_FUNCTION = YES;
				GCC_WARN_UNUSED_VARIABLE = YES;
				IPHONEOS_DEPLOYMENT_TARGET = 16.4;
				MTL_ENABLE_DEBUG_INFO = NO;
				MTL_FAST_MATH = YES;
				SDKROOT = iphoneos;
				SWIFT_COMPILATION_MODE = wholemodule;
				SWIFT_OPTIMIZATION_LEVEL = "-O";
				VALIDATE_PRODUCT = YES;
			};
			name = Release;
		};
		F69A71042A532D62006EA120 /* Debug */ = {
			isa = XCBuildConfiguration;
			buildSettings = {
				ASSETCATALOG_COMPILER_APPICON_NAME = AppIcon;
				ASSETCATALOG_COMPILER_GLOBAL_ACCENT_COLOR_NAME = AccentColor;
				CODE_SIGN_STYLE = Automatic;
				CURRENT_PROJECT_VERSION = 1;
				DEVELOPMENT_TEAM = 2USWXYKH94;
				GENERATE_INFOPLIST_FILE = YES;
				INFOPLIST_FILE = GuessApp/Info.plist;
				INFOPLIST_KEY_UIApplicationSupportsIndirectInputEvents = YES;
				INFOPLIST_KEY_UILaunchStoryboardName = LaunchScreen;
				INFOPLIST_KEY_UIMainStoryboardFile = Main;
				INFOPLIST_KEY_UISupportedInterfaceOrientations_iPad = "UIInterfaceOrientationPortrait UIInterfaceOrientationPortraitUpsideDown UIInterfaceOrientationLandscapeLeft UIInterfaceOrientationLandscapeRight";
				INFOPLIST_KEY_UISupportedInterfaceOrientations_iPhone = "UIInterfaceOrientationPortrait UIInterfaceOrientationLandscapeLeft UIInterfaceOrientationLandscapeRight";
				LD_RUNPATH_SEARCH_PATHS = (
					"$(inherited)",
					"@executable_path/Frameworks",
				);
				MARKETING_VERSION = 1.0;
				PRODUCT_BUNDLE_IDENTIFIER = com.yakupatici.GuessApp;
				PRODUCT_NAME = "$(TARGET_NAME)";
				SWIFT_EMIT_LOC_STRINGS = YES;
				SWIFT_VERSION = 5.0;
				TARGETED_DEVICE_FAMILY = "1,2";
			};
			name = Debug;
		};
		F69A71052A532D62006EA120 /* Release */ = {
			isa = XCBuildConfiguration;
			buildSettings = {
				ASSETCATALOG_COMPILER_APPICON_NAME = AppIcon;
				ASSETCATALOG_COMPILER_GLOBAL_ACCENT_COLOR_NAME = AccentColor;
				CODE_SIGN_STYLE = Automatic;
				CURRENT_PROJECT_VERSION = 1;
				DEVELOPMENT_TEAM = 2USWXYKH94;
				GENERATE_INFOPLIST_FILE = YES;
				INFOPLIST_FILE = GuessApp/Info.plist;
				INFOPLIST_KEY_UIApplicationSupportsIndirectInputEvents = YES;
				INFOPLIST_KEY_UILaunchStoryboardName = LaunchScreen;
				INFOPLIST_KEY_UIMainStoryboardFile = Main;
				INFOPLIST_KEY_UISupportedInterfaceOrientations_iPad = "UIInterfaceOrientationPortrait UIInterfaceOrientationPortraitUpsideDown UIInterfaceOrientationLandscapeLeft UIInterfaceOrientationLandscapeRight";
				INFOPLIST_KEY_UISupportedInterfaceOrientations_iPhone = "UIInterfaceOrientationPortrait UIInterfaceOrientationLandscapeLeft UIInterfaceOrientationLandscapeRight";
				LD_RUNPATH_SEARCH_PATHS = (
					"$(inherited)",
					"@executable_path/Frameworks",
				);
				MARKETING_VERSION = 1.0;
				PRODUCT_BUNDLE_IDENTIFIER = com.yakupatici.GuessApp;
				PRODUCT_NAME = "$(TARGET_NAME)";
				SWIFT_EMIT_LOC_STRINGS = YES;
				SWIFT_VERSION = 5.0;
				TARGETED_DEVICE_FAMILY = "1,2";
			};
			name = Release;
		};
		F69A71072A532D62006EA120 /* Debug */ = {
			isa = XCBuildConfiguration;
			buildSettings = {
				ALWAYS_EMBED_SWIFT_STANDARD_LIBRARIES = YES;
				BUNDLE_LOADER = "$(TEST_HOST)";
				CODE_SIGN_STYLE = Automatic;
				CURRENT_PROJECT_VERSION = 1;
				DEVELOPMENT_TEAM = 2USWXYKH94;
				GENERATE_INFOPLIST_FILE = YES;
				IPHONEOS_DEPLOYMENT_TARGET = 16.4;
				MARKETING_VERSION = 1.0;
				PRODUCT_BUNDLE_IDENTIFIER = com.yakupatici.GuessAppTests;
				PRODUCT_NAME = "$(TARGET_NAME)";
				SWIFT_EMIT_LOC_STRINGS = NO;
				SWIFT_VERSION = 5.0;
				TARGETED_DEVICE_FAMILY = "1,2";
				TEST_HOST = "$(BUILT_PRODUCTS_DIR)/GuessApp.app/$(BUNDLE_EXECUTABLE_FOLDER_PATH)/GuessApp";
			};
			name = Debug;
		};
		F69A71082A532D62006EA120 /* Release */ = {
			isa = XCBuildConfiguration;
			buildSettings = {
				ALWAYS_EMBED_SWIFT_STANDARD_LIBRARIES = YES;
				BUNDLE_LOADER = "$(TEST_HOST)";
				CODE_SIGN_STYLE = Automatic;
				CURRENT_PROJECT_VERSION = 1;
				DEVELOPMENT_TEAM = 2USWXYKH94;
				GENERATE_INFOPLIST_FILE = YES;
				IPHONEOS_DEPLOYMENT_TARGET = 16.4;
				MARKETING_VERSION = 1.0;
				PRODUCT_BUNDLE_IDENTIFIER = com.yakupatici.GuessAppTests;
				PRODUCT_NAME = "$(TARGET_NAME)";
				SWIFT_EMIT_LOC_STRINGS = NO;
				SWIFT_VERSION = 5.0;
				TARGETED_DEVICE_FAMILY = "1,2";
				TEST_HOST = "$(BUILT_PRODUCTS_DIR)/GuessApp.app/$(BUNDLE_EXECUTABLE_FOLDER_PATH)/GuessApp";
			};
			name = Release;
		};
		F69A710A2A532D62006EA120 /* Debug */ = {
			isa = XCBuildConfiguration;
			buildSettings = {
				ALWAYS_EMBED_SWIFT_STANDARD_LIBRARIES = YES;
				CODE_SIGN_STYLE = Automatic;
				CURRENT_PROJECT_VERSION = 1;
				DEVELOPMENT_TEAM = 2USWXYKH94;
				GENERATE_INFOPLIST_FILE = YES;
				MARKETING_VERSION = 1.0;
				PRODUCT_BUNDLE_IDENTIFIER = com.yakupatici.GuessAppUITests;
				PRODUCT_NAME = "$(TARGET_NAME)";
				SWIFT_EMIT_LOC_STRINGS = NO;
				SWIFT_VERSION = 5.0;
				TARGETED_DEVICE_FAMILY = "1,2";
				TEST_TARGET_NAME = GuessApp;
			};
			name = Debug;
		};
		F69A710B2A532D62006EA120 /* Release */ = {
			isa = XCBuildConfiguration;
			buildSettings = {
				ALWAYS_EMBED_SWIFT_STANDARD_LIBRARIES = YES;
				CODE_SIGN_STYLE = Automatic;
				CURRENT_PROJECT_VERSION = 1;
				DEVELOPMENT_TEAM = 2USWXYKH94;
				GENERATE_INFOPLIST_FILE = YES;
				MARKETING_VERSION = 1.0;
				PRODUCT_BUNDLE_IDENTIFIER = com.yakupatici.GuessAppUITests;
				PRODUCT_NAME = "$(TARGET_NAME)";
				SWIFT_EMIT_LOC_STRINGS = NO;
				SWIFT_VERSION = 5.0;
				TARGETED_DEVICE_FAMILY = "1,2";
				TEST_TARGET_NAME = GuessApp;
			};
			name = Release;
		};
/* End XCBuildConfiguration section */

/* Begin XCConfigurationList section */
		F69A70D42A532D60006EA120 /* Build configuration list for PBXProject "GuessApp" */ = {
			isa = XCConfigurationList;
			buildConfigurations = (
				F69A71012A532D62006EA120 /* Debug */,
				F69A71022A532D62006EA120 /* Release */,
			);
			defaultConfigurationIsVisible = 0;
			defaultConfigurationName = Release;
		};
		F69A71032A532D62006EA120 /* Build configuration list for PBXNativeTarget "GuessApp" */ = {
			isa = XCConfigurationList;
			buildConfigurations = (
				F69A71042A532D62006EA120 /* Debug */,
				F69A71052A532D62006EA120 /* Release */,
			);
			defaultConfigurationIsVisible = 0;
			defaultConfigurationName = Release;
		};
		F69A71062A532D62006EA120 /* Build configuration list for PBXNativeTarget "GuessAppTests" */ = {
			isa = XCConfigurationList;
			buildConfigurations = (
				F69A71072A532D62006EA120 /* Debug */,
				F69A71082A532D62006EA120 /* Release */,
			);
			defaultConfigurationIsVisible = 0;
			defaultConfigurationName = Release;
		};
		F69A71092A532D62006EA120 /* Build configuration list for PBXNativeTarget "GuessAppUITests" */ = {
			isa = XCConfigurationList;
			buildConfigurations = (
				F69A710A2A532D62006EA120 /* Debug */,
				F69A710B2A532D62006EA120 /* Release */,
			);
			defaultConfigurationIsVisible = 0;
			defaultConfigurationName = Release;
		};
/* End XCConfigurationList section */
	};
	rootObject = F69A70D12A532D60006EA120 /* Project object */;
}
